// !$*UTF8*$!
{
	archiveVersion = 1;
	classes = {
	};
	objectVersion = 50;
	objects = {

/* Begin PBXBuildFile section */
		92C1108B2238FA8000933084 /* AppDelegate.m in Sources */ = {isa = PBXBuildFile; fileRef = 92C1108A2238FA8000933084 /* AppDelegate.m */; };
		92C1108E2238FA8000933084 /* ViewController.m in Sources */ = {isa = PBXBuildFile; fileRef = 92C1108D2238FA8000933084 /* ViewController.m */; };
		92C110912238FA8000933084 /* Main.storyboard in Resources */ = {isa = PBXBuildFile; fileRef = 92C1108F2238FA8000933084 /* Main.storyboard */; };
		92C110932238FA8600933084 /* Assets.xcassets in Resources */ = {isa = PBXBuildFile; fileRef = 92C110922238FA8600933084 /* Assets.xcassets */; };
		92C110962238FA8600933084 /* LaunchScreen.storyboard in Resources */ = {isa = PBXBuildFile; fileRef = 92C110942238FA8600933084 /* LaunchScreen.storyboard */; };
		92C110992238FA8600933084 /* main.m in Sources */ = {isa = PBXBuildFile; fileRef = 92C110982238FA8600933084 /* main.m */; };
		92C110A12238FC8E00933084 /* AutoSizingCell.m in Sources */ = {isa = PBXBuildFile; fileRef = 92C110A02238FC8D00933084 /* AutoSizingCell.m */; };
		92C110A4223A1D2D00933084 /* SectionLabel.m in Sources */ = {isa = PBXBuildFile; fileRef = 92C110A3223A1D2D00933084 /* SectionLabel.m */; };
/* End PBXBuildFile section */

/* Begin PBXFileReference section */
		92C110862238FA8000933084 /* AutoSizingCell.app */ = {isa = PBXFileReference; explicitFileType = wrapper.application; includeInIndex = 0; path = AutoSizingCell.app; sourceTree = BUILT_PRODUCTS_DIR; };
		92C110892238FA8000933084 /* AppDelegate.h */ = {isa = PBXFileReference; lastKnownFileType = sourcecode.c.h; path = AppDelegate.h; sourceTree = "<group>"; };
		92C1108A2238FA8000933084 /* AppDelegate.m */ = {isa = PBXFileReference; lastKnownFileType = sourcecode.c.objc; path = AppDelegate.m; sourceTree = "<group>"; };
		92C1108C2238FA8000933084 /* ViewController.h */ = {isa = PBXFileReference; lastKnownFileType = sourcecode.c.h; path = ViewController.h; sourceTree = "<group>"; };
		92C1108D2238FA8000933084 /* ViewController.m */ = {isa = PBXFileReference; lastKnownFileType = sourcecode.c.objc; path = ViewController.m; sourceTree = "<group>"; };
		92C110902238FA8000933084 /* Base */ = {isa = PBXFileReference; lastKnownFileType = file.storyboard; name = Base; path = Base.lproj/Main.storyboard; sourceTree = "<group>"; };
		92C110922238FA8600933084 /* Assets.xcassets */ = {isa = PBXFileReference; lastKnownFileType = folder.assetcatalog; path = Assets.xcassets; sourceTree = "<group>"; };
		92C110952238FA8600933084 /* Base */ = {isa = PBXFileReference; lastKnownFileType = file.storyboard; name = Base; path = Base.lproj/LaunchScreen.storyboard; sourceTree = "<group>"; };
		92C110972238FA8600933084 /* Info.plist */ = {isa = PBXFileReference; lastKnownFileType = text.plist.xml; path = Info.plist; sourceTree = "<group>"; };
		92C110982238FA8600933084 /* main.m */ = {isa = PBXFileReference; lastKnownFileType = sourcecode.c.objc; path = main.m; sourceTree = "<group>"; };
		92C1109F2238FC8D00933084 /* AutoSizingCell.h */ = {isa = PBXFileReference; lastKnownFileType = sourcecode.c.h; path = AutoSizingCell.h; sourceTree = "<group>"; };
		92C110A02238FC8D00933084 /* AutoSizingCell.m */ = {isa = PBXFileReference; lastKnownFileType = sourcecode.c.objc; path = AutoSizingCell.m; sourceTree = "<group>"; };
		92C110A2223A1D2D00933084 /* SectionLabel.h */ = {isa = PBXFileReference; lastKnownFileType = sourcecode.c.h; path = SectionLabel.h; sourceTree = "<group>"; };
		92C110A3223A1D2D00933084 /* SectionLabel.m */ = {isa = PBXFileReference; lastKnownFileType = sourcecode.c.objc; path = SectionLabel.m; sourceTree = "<group>"; };
/* End PBXFileReference section */

/* Begin PBXFrameworksBuildPhase section */
		92C110832238FA8000933084 /* Frameworks */ = {
			isa = PBXFrameworksBuildPhase;
			buildActionMask = 2147483647;
			files = (
			);
			runOnlyForDeploymentPostprocessing = 0;
		};
/* End PBXFrameworksBuildPhase section */

/* Begin PBXGroup section */
		92C1107D2238FA8000933084 = {
			isa = PBXGroup;
			children = (
				92C110882238FA8000933084 /* AutoSizingCell */,
				92C110872238FA8000933084 /* Products */,
			);
			sourceTree = "<group>";
		};
		92C110872238FA8000933084 /* Products */ = {
			isa = PBXGroup;
			children = (
				92C110862238FA8000933084 /* AutoSizingCell.app */,
			);
			name = Products;
			sourceTree = "<group>";
		};
		92C110882238FA8000933084 /* AutoSizingCell */ = {
			isa = PBXGroup;
			children = (
				92C110892238FA8000933084 /* AppDelegate.h */,
				92C1108A2238FA8000933084 /* AppDelegate.m */,
				92C1108C2238FA8000933084 /* ViewController.h */,
				92C1108D2238FA8000933084 /* ViewController.m */,
				92C110A2223A1D2D00933084 /* SectionLabel.h */,
				92C110A3223A1D2D00933084 /* SectionLabel.m */,
				92C1109F2238FC8D00933084 /* AutoSizingCell.h */,
				92C110A02238FC8D00933084 /* AutoSizingCell.m */,
				92C1108F2238FA8000933084 /* Main.storyboard */,
				92C110922238FA8600933084 /* Assets.xcassets */,
				92C110942238FA8600933084 /* LaunchScreen.storyboard */,
				92C110972238FA8600933084 /* Info.plist */,
				92C110982238FA8600933084 /* main.m */,
			);
			path = AutoSizingCell;
			sourceTree = "<group>";
		};
/* End PBXGroup section */

/* Begin PBXNativeTarget section */
		92C110852238FA8000933084 /* AutoSizingCell */ = {
			isa = PBXNativeTarget;
			buildConfigurationList = 92C1109C2238FA8600933084 /* Build configuration list for PBXNativeTarget "AutoSizingCell" */;
			buildPhases = (
				92C110822238FA8000933084 /* Sources */,
				92C110832238FA8000933084 /* Frameworks */,
				92C110842238FA8000933084 /* Resources */,
			);
			buildRules = (
			);
			dependencies = (
			);
			name = AutoSizingCell;
			productName = AutoSizingCell;
			productReference = 92C110862238FA8000933084 /* AutoSizingCell.app */;
			productType = "com.apple.product-type.application";
		};
/* End PBXNativeTarget section */

/* Begin PBXProject section */
		92C1107E2238FA8000933084 /* Project object */ = {
			isa = PBXProject;
			attributes = {
				LastUpgradeCheck = 0940;
				ORGANIZATIONNAME = "Alex wee";
				TargetAttributes = {
					92C110852238FA8000933084 = {
						CreatedOnToolsVersion = 9.4.1;
					};
				};
			};
			buildConfigurationList = 92C110812238FA8000933084 /* Build configuration list for PBXProject "AutoSizingCell" */;
			compatibilityVersion = "Xcode 9.3";
			developmentRegion = en;
			hasScannedForEncodings = 0;
			knownRegions = (
				en,
				Base,
			);
			mainGroup = 92C1107D2238FA8000933084;
			productRefGroup = 92C110872238FA8000933084 /* Products */;
			projectDirPath = "";
			projectRoot = "";
			targets = (
				92C110852238FA8000933084 /* AutoSizingCell */,
			);
		};
/* End PBXProject section */

/* Begin PBXResourcesBuildPhase section */
		92C110842238FA8000933084 /* Resources */ = {
			isa = PBXResourcesBuildPhase;
			buildActionMask = 2147483647;
			files = (
				92C110962238FA8600933084 /* LaunchScreen.storyboard in Resources */,
				92C110932238FA8600933084 /* Assets.xcassets in Resources */,
				92C110912238FA8000933084 /* Main.storyboard in Resources */,
			);
			runOnlyForDeploymentPostprocessing = 0;
		};
/* End PBXResourcesBuildPhase section */

/* Begin PBXSourcesBuildPhase section */
		92C110822238FA8000933084 /* Sources */ = {
			isa = PBXSourcesBuildPhase;
			buildActionMask = 2147483647;
			files = (
				92C110A4223A1D2D00933084 /* SectionLabel.m in Sources */,
				92C110A12238FC8E00933084 /* AutoSizingCell.m in Sources */,
				92C1108E2238FA8000933084 /* ViewController.m in Sources */,
				92C110992238FA8600933084 /* main.m in Sources */,
				92C1108B2238FA8000933084 /* AppDelegate.m in Sources */,
			);
			runOnlyForDeploymentPostprocessing = 0;
		};
/* End PBXSourcesBuildPhase section */

/* Begin PBXVariantGroup section */
		92C1108F2238FA8000933084 /* Main.storyboard */ = {
			isa = PBXVariantGroup;
			children = (
				92C110902238FA8000933084 /* Base */,
			);
			name = Main.storyboard;
			sourceTree = "<group>";
		};
		92C110942238FA8600933084 /* LaunchScreen.storyboard */ = {
			isa = PBXVariantGroup;
			children = (
				92C110952238FA8600933084 /* Base */,
			);
			name = LaunchScreen.storyboard;
			sourceTree = "<group>";
		};
/* End PBXVariantGroup section */

/* Begin XCBuildConfiguration section */
		92C1109A2238FA8600933084 /* Debug */ = {
			isa = XCBuildConfiguration;
			buildSettings = {
				ALWAYS_SEARCH_USER_PATHS = NO;
				CLANG_ANALYZER_NONNULL = YES;
				CLANG_ANALYZER_NUMBER_OBJECT_CONVERSION = YES_AGGRESSIVE;
				CLANG_CXX_LANGUAGE_STANDARD = "gnu++14";
				CLANG_CXX_LIBRARY = "libc++";
				CLANG_ENABLE_MODULES = YES;
				CLANG_ENABLE_OBJC_ARC = YES;
				CLANG_ENABLE_OBJC_WEAK = YES;
				CLANG_WARN_BLOCK_CAPTURE_AUTORELEASING = YES;
				CLANG_WARN_BOOL_CONVERSION = YES;
				CLANG_WARN_COMMA = YES;
				CLANG_WARN_CONSTANT_CONVERSION = YES;
				CLANG_WARN_DEPRECATED_OBJC_IMPLEMENTATIONS = YES;
				CLANG_WARN_DIRECT_OBJC_ISA_USAGE = YES_ERROR;
				CLANG_WARN_DOCUMENTATION_COMMENTS = YES;
				CLANG_WARN_EMPTY_BODY = YES;
				CLANG_WARN_ENUM_CONVERSION = YES;
				CLANG_WARN_INFINITE_RECURSION = YES;
				CLANG_WARN_INT_CONVERSION = YES;
				CLANG_WARN_NON_LITERAL_NULL_CONVERSION = YES;
				CLANG_WARN_OBJC_IMPLICIT_RETAIN_SELF = YES;
				CLANG_WARN_OBJC_LITERAL_CONVERSION = YES;
				CLANG_WARN_OBJC_ROOT_CLASS = YES_ERROR;
				CLANG_WARN_RANGE_LOOP_ANALYSIS = YES;
				CLANG_WARN_STRICT_PROTOTYPES = YES;
				CLANG_WARN_SUSPICIOUS_MOVE = YES;
				CLANG_WARN_UNGUARDED_AVAILABILITY = YES_AGGRESSIVE;
				CLANG_WARN_UNREACHABLE_CODE = YES;
				CLANG_WARN__DUPLICATE_METHOD_MATCH = YES;
				CODE_SIGN_IDENTITY = "iPhone Developer";
				COPY_PHASE_STRIP = NO;
				DEBUG_INFORMATION_FORMAT = dwarf;
				ENABLE_STRICT_OBJC_MSGSEND = YES;
				ENABLE_TESTABILITY = YES;
				GCC_C_LANGUAGE_STANDARD = gnu11;
				GCC_DYNAMIC_NO_PIC = NO;
				GCC_NO_COMMON_BLOCKS = YES;
				GCC_OPTIMIZATION_LEVEL = 0;
				GCC_PREPROCESSOR_DEFINITIONS = (
					"DEBUG=1",
					"$(inherited)",
				);
				GCC_WARN_64_TO_32_BIT_CONVERSION = YES;
				GCC_WARN_ABOUT_RETURN_TYPE = YES_ERROR;
				GCC_WARN_UNDECLARED_SELECTOR = YES;
				GCC_WARN_UNINITIALIZED_AUTOS = YES_AGGRESSIVE;
				GCC_WARN_UNUSED_FUNCTION = YES;
				GCC_WARN_UNUSED_VARIABLE = YES;
				IPHONEOS_DEPLOYMENT_TARGET = 11.4;
				MTL_ENABLE_DEBUG_INFO = YES;
				ONLY_ACTIVE_ARCH = YES;
				SDKROOT = iphoneos;
			};
			name = Debug;
		};
		92C1109B2238FA8600933084 /* Release */ = {
			isa = XCBuildConfiguration;
			buildSettings = {
				ALWAYS_SEARCH_USER_PATHS = NO;
				CLANG_ANALYZER_NONNULL = YES;
				CLANG_ANALYZER_NUMBER_OBJECT_CONVERSION = YES_AGGRESSIVE;
				CLANG_CXX_LANGUAGE_STANDARD = "gnu++14";
				CLANG_CXX_LIBRARY = "libc++";
				CLANG_ENABLE_MODULES = YES;
				CLANG_ENABLE_OBJC_ARC = YES;
				CLANG_ENABLE_OBJC_WEAK = YES;
				CLANG_WARN_BLOCK_CAPTURE_AUTORELEASING = YES;
				CLANG_WARN_BOOL_CONVERSION = YES;
				CLANG_WARN_COMMA = YES;
				CLANG_WARN_CONSTANT_CONVERSION = YES;
				CLANG_WARN_DEPRECATED_OBJC_IMPLEMENTATIONS = YES;
				CLANG_WARN_DIRECT_OBJC_ISA_USAGE = YES_ERROR;
				CLANG_WARN_DOCUMENTATION_COMMENTS = YES;
				CLANG_WARN_EMPTY_BODY = YES;
				CLANG_WARN_ENUM_CONVERSION = YES;
				CLANG_WARN_INFINITE_RECURSION = YES;
				CLANG_WARN_INT_CONVERSION = YES;
				CLANG_WARN_NON_LITERAL_NULL_CONVERSION = YES;
				CLANG_WARN_OBJC_IMPLICIT_RETAIN_SELF = YES;
				CLANG_WARN_OBJC_LITERAL_CONVERSION = YES;
				CLANG_WARN_OBJC_ROOT_CLASS = YES_ERROR;
				CLANG_WARN_RANGE_LOOP_ANALYSIS = YES;
				CLANG_WARN_STRICT_PROTOTYPES = YES;
				CLANG_WARN_SUSPICIOUS_MOVE = YES;
				CLANG_WARN_UNGUARDED_AVAILABILITY = YES_AGGRESSIVE;
				CLANG_WARN_UNREACHABLE_CODE = YES;
				CLANG_WARN__DUPLICATE_METHOD_MATCH = YES;
				CODE_SIGN_IDENTITY = "iPhone Developer";
				COPY_PHASE_STRIP = NO;
				DEBUG_INFORMATION_FORMAT = "dwarf-with-dsym";
				ENABLE_NS_ASSERTIONS = NO;
				ENABLE_STRICT_OBJC_MSGSEND = YES;
				GCC_C_LANGUAGE_STANDARD = gnu11;
				GCC_NO_COMMON_BLOCKS = YES;
				GCC_WARN_64_TO_32_BIT_CONVERSION = YES;
				GCC_WARN_ABOUT_RETURN_TYPE = YES_ERROR;
				GCC_WARN_UNDECLARED_SELECTOR = YES;
				GCC_WARN_UNINITIALIZED_AUTOS = YES_AGGRESSIVE;
				GCC_WARN_UNUSED_FUNCTION = YES;
				GCC_WARN_UNUSED_VARIABLE = YES;
				IPHONEOS_DEPLOYMENT_TARGET = 11.4;
				MTL_ENABLE_DEBUG_INFO = NO;
				SDKROOT = iphoneos;
				VALIDATE_PRODUCT = YES;
			};
			name = Release;
		};
		92C1109D2238FA8600933084 /* Debug */ = {
			isa = XCBuildConfiguration;
			buildSettings = {
				ASSETCATALOG_COMPILER_APPICON_NAME = AppIcon;
				CODE_SIGN_IDENTITY = "iPhone Developer";
				CODE_SIGN_STYLE = Automatic;
				DEVELOPMENT_TEAM = W246VL5U2P;
				INFOPLIST_FILE = AutoSizingCell/Info.plist;
				LD_RUNPATH_SEARCH_PATHS = (
					"$(inherited)",
					"@executable_path/Frameworks",
				);
				PRODUCT_BUNDLE_IDENTIFIER = WeeStudio.AutoSizingCell.com;
				PRODUCT_NAME = "$(TARGET_NAME)";
				PROVISIONING_PROFILE_SPECIFIER = "";
				TARGETED_DEVICE_FAMILY = "1,2";
			};
			name = Debug;
		};
		92C1109E2238FA8600933084 /* Release */ = {
			isa = XCBuildConfiguration;
			buildSettings = {
				ASSETCATALOG_COMPILER_APPICON_NAME = AppIcon;
				CODE_SIGN_IDENTITY = "iPhone Developer";
				CODE_SIGN_STYLE = Automatic;
				DEVELOPMENT_TEAM = W246VL5U2P;
				INFOPLIST_FILE = AutoSizingCell/Info.plist;
				LD_RUNPATH_SEARCH_PATHS = (
					"$(inherited)",
					"@executable_path/Frameworks",
				);
				PRODUCT_BUNDLE_IDENTIFIER = WeeStudio.AutoSizingCell.com;
				PRODUCT_NAME = "$(TARGET_NAME)";
				PROVISIONING_PROFILE_SPECIFIER = "";
				TARGETED_DEVICE_FAMILY = "1,2";
			};
			name = Release;
		};
/* End XCBuildConfiguration section */

/* Begin XCConfigurationList section */
		92C110812238FA8000933084 /* Build configuration list for PBXProject "AutoSizingCell" */ = {
			isa = XCConfigurationList;
			buildConfigurations = (
				92C1109A2238FA8600933084 /* Debug */,
				92C1109B2238FA8600933084 /* Release */,
			);
			defaultConfigurationIsVisible = 0;
			defaultConfigurationName = Release;
		};
		92C1109C2238FA8600933084 /* Build configuration list for PBXNativeTarget "AutoSizingCell" */ = {
			isa = XCConfigurationList;
			buildConfigurations = (
				92C1109D2238FA8600933084 /* Debug */,
				92C1109E2238FA8600933084 /* Release */,
			);
			defaultConfigurationIsVisible = 0;
			defaultConfigurationName = Release;
		};
/* End XCConfigurationList section */
	};
	rootObject = 92C1107E2238FA8000933084 /* Project object */;
}
